<?xml version="1.0" encoding="utf-8"?>
<Project ToolsVersion="4.0" xmlns="http://schemas.microsoft.com/developer/msbuild/2003">
  <ItemGroup>
    <Filter Include="Source Files">
      <UniqueIdentifier>{4FC737F1-C7A5-4376-A066-2A32D752A2FF}</UniqueIdentifier>
      <Extensions>cpp;c;cc;cxx;c++;cppm;ixx;def;odl;idl;hpj;bat;asm;asmx</Extensions>
    </Filter>
    <Filter Include="Header Files">
      <UniqueIdentifier>{93995380-89BD-4b04-88EB-625FBE52EBFB}</UniqueIdentifier>
      <Extensions>h;hh;hpp;hxx;h++;hm;inl;inc;ipp;xsd</Extensions>
    </Filter>
    <Filter Include="Textures">
      <UniqueIdentifier>{18c0e5a3-263a-4593-beec-a2a46af57d21}</UniqueIdentifier>
    </Filter>
    <Filter Include="Fonts">
      <UniqueIdentifier>{b331b895-2d9c-487f-8b5c-eae6c6b7ebb5}</UniqueIdentifier>
    </Filter>
    <Filter Include="TextFiles">
      <UniqueIdentifier>{aad5e4c9-fef7-4c42-b006-da4b802ee3e5}</UniqueIdentifier>
    </Filter>
  </ItemGroup>
  <ItemGroup>
    <ClInclude Include="Source\HeaderFiles\Game.hpp">
      <Filter>Header Files</Filter>
    </ClInclude>
    <ClInclude Include="Source\HeaderFiles\Texture.hpp">
      <Filter>Header Files</Filter>
    </ClInclude>
    <ClInclude Include="Source\HeaderFiles\Timer.hpp">
      <Filter>Header Files</Filter>
    </ClInclude>
    <ClInclude Include="Source\HeaderFiles\Vec2.hpp">
      <Filter>Header Files</Filter>
    </ClInclude>
    <ClInclude Include="Source\HeaderFiles\Board.hpp">
      <Filter>Header Files</Filter>
    </ClInclude>
    <ClInclude Include="Source\HeaderFiles\Pac.hpp">
      <Filter>Header Files</Filter>
    </ClInclude>
    <ClInclude Include="Source\HeaderFiles\Entity.hpp">
      <Filter>Header Files</Filter>
    </ClInclude>
    <ClInclude Include="Source\HeaderFiles\Score.hpp">
      <Filter>Header Files</Filter>
    </ClInclude>
    <ClInclude Include="Source\HeaderFiles\GameStateMachine.hpp">
      <Filter>Header Files</Filter>
    </ClInclude>
    <ClInclude Include="Source\HeaderFiles\Ghost.hpp">
      <Filter>Header Files</Filter>
    </ClInclude>
    <ClInclude Include="Source\HeaderFiles\Blinky.hpp">
      <Filter>Header Files</Filter>
    </ClInclude>
    <ClInclude Include="Source\HeaderFiles\Globals.hpp">
      <Filter>Header Files</Filter>
    </ClInclude>
    <ClInclude Include="Source\HeaderFiles\Door.hpp">
      <Filter>Header Files</Filter>
    </ClInclude>
    <ClInclude Include="Source\HeaderFiles\GameOver.hpp">
      <Filter>Header Files</Filter>
    </ClInclude>
    <ClInclude Include="Source\HeaderFiles\Level.hpp">
      <Filter>Header Files</Filter>
    </ClInclude>
    <ClInclude Include="Source\HeaderFiles\Lives.hpp">
      <Filter>Header Files</Filter>
    </ClInclude>
    <ClInclude Include="Source\HeaderFiles\Ready.hpp">
      <Filter>Header Files</Filter>
    </ClInclude>
    <ClInclude Include="Source\HeaderFiles\Food.hpp">
      <Filter>Header Files</Filter>
    </ClInclude>
    <ClInclude Include="Source\HeaderFiles\Clyde.hpp">
      <Filter>Header Files</Filter>
    </ClInclude>
    <ClInclude Include="Source\HeaderFiles\Inky.hpp">
      <Filter>Header Files</Filter>
    </ClInclude>
    <ClInclude Include="Source\HeaderFiles\Pinky.hpp">
      <Filter>Header Files</Filter>
    </ClInclude>
    <ClInclude Include="Source\HeaderFiles\GhostsManager.hpp">
      <Filter>Header Files</Filter>
    </ClInclude>
    <ClInclude Include="Source\HeaderFiles\GameInputs.hpp">
      <Filter>Header Files</Filter>
    </ClInclude>
    <ClInclude Include="Source\HeaderFiles\FpsManager.hpp">
      <Filter>Header Files</Filter>
    </ClInclude>
    <ClInclude Include="Source\HeaderFiles\Fruit.hpp">
      <Filter>Header Files</Filter>
    </ClInclude>
    <ClInclude Include="Source\HeaderFiles\GhostStateMachine.hpp">
      <Filter>Header Files</Filter>
    </ClInclude>
    <ClInclude Include="Source\HeaderFiles\Sounds.hpp">
      <Filter>Header Files</Filter>
    </ClInclude>
  </ItemGroup>
  <ItemGroup>
    <ClCompile Include="Source\SourceFiles\Main.cpp">
      <Filter>Source Files</Filter>
    </ClCompile>
    <ClCompile Include="Source\SourceFiles\Game.cpp">
      <Filter>Source Files</Filter>
    </ClCompile>
    <ClCompile Include="Source\SourceFiles\Texture.cpp">
      <Filter>Source Files</Filter>
    </ClCompile>
    <ClCompile Include="Source\SourceFiles\Timer.cpp">
      <Filter>Source Files</Filter>
    </ClCompile>
    <ClCompile Include="Source\SourceFiles\Board.cpp">
      <Filter>Source Files</Filter>
    </ClCompile>
    <ClCompile Include="Source\SourceFiles\Pac.cpp">
      <Filter>Source Files</Filter>
    </ClCompile>
    <ClCompile Include="Source\SourceFiles\Entity.cpp">
      <Filter>Source Files</Filter>
    </ClCompile>
    <ClCompile Include="Source\SourceFiles\Score.cpp">
      <Filter>Source Files</Filter>
    </ClCompile>
    <ClCompile Include="Source\SourceFiles\GameStateMachine.cpp">
      <Filter>Source Files</Filter>
    </ClCompile>
    <ClCompile Include="Source\SourceFiles\Ghost.cpp">
      <Filter>Source Files</Filter>
    </ClCompile>
    <ClCompile Include="Source\SourceFiles\Blinky.cpp">
      <Filter>Source Files</Filter>
    </ClCompile>
    <ClCompile Include="Source\SourceFiles\Door.cpp">
      <Filter>Source Files</Filter>
    </ClCompile>
    <ClCompile Include="Source\SourceFiles\GameOver.cpp">
      <Filter>Source Files</Filter>
    </ClCompile>
    <ClCompile Include="Source\SourceFiles\Level.cpp">
      <Filter>Source Files</Filter>
    </ClCompile>
    <ClCompile Include="Source\SourceFiles\Lives.cpp">
      <Filter>Source Files</Filter>
    </ClCompile>
    <ClCompile Include="Source\SourceFiles\Ready.cpp">
      <Filter>Source Files</Filter>
    </ClCompile>
    <ClCompile Include="Source\SourceFiles\Food.cpp">
      <Filter>Source Files</Filter>
    </ClCompile>
    <ClCompile Include="Source\SourceFiles\Clyde.cpp">
      <Filter>Source Files</Filter>
    </ClCompile>
    <ClCompile Include="Source\SourceFiles\Inky.cpp">
      <Filter>Source Files</Filter>
    </ClCompile>
    <ClCompile Include="Source\SourceFiles\Pinky.cpp">
      <Filter>Source Files</Filter>
    </ClCompile>
    <ClCompile Include="Source\SourceFiles\GhostsManager.cpp">
      <Filter>Source Files</Filter>
    </ClCompile>
    <ClCompile Include="Source\SourceFiles\GameInputs.cpp">
      <Filter>Source Files</Filter>
    </ClCompile>
    <ClCompile Include="Source\SourceFiles\FpsManager.cpp">
      <Filter>Source Files</Filter>
    </ClCompile>
    <ClCompile Include="Source\SourceFiles\Fruit.cpp">
      <Filter>Source Files</Filter>
    </ClCompile>
    <ClCompile Include="Source\SourceFiles\GhostStateMachine.cpp">
      <Filter>Source Files</Filter>
    </ClCompile>
  </ItemGroup>
  <ItemGroup>
    <Font Include="Source\Fonts\Emulogic.ttf">
      <Filter>Fonts</Filter>
    </Font>
    <Font Include="Source\Fonts\VpPixel.ttf">
      <Filter>Fonts</Filter>
    </Font>
  </ItemGroup>
  <ItemGroup>
    <Text Include="Source\TextFiles\HighScore.txt">
      <Filter>TextFiles</Filter>
    </Text>
  </ItemGroup>
  <ItemGroup>
    <None Include="packages.config" />
  </ItemGroup>
</Project>